
Microsoft Visual Studio Solution File, Format Version 12.00
# Visual Studio 15
VisualStudioVersion = 15.0.28010.2036
MinimumVisualStudioVersion = 10.0.40219.1
Project("{FAE04EC0-301F-11D3-BF4B-00C04F79EFBC}") = "VF.Ethereum.AccountBalance.Android", "VF.Ethereum.AccountBalance\VF.Ethereum.AccountBalance.Android\VF.Ethereum.AccountBalance.Android.csproj", "{9E09B596-42A2-4F97-91C8-59F6A3C5399C}"
EndProject
Project("{FAE04EC0-301F-11D3-BF4B-00C04F79EFBC}") = "VF.Ethereum.AccountBalance.iOS", "VF.Ethereum.AccountBalance\VF.Ethereum.AccountBalance.iOS\VF.Ethereum.AccountBalance.iOS.csproj", "{7C73DF5C-BBB8-4DF5-91B5-A10D3E6CF22F}"
EndProject
Project("{FAE04EC0-301F-11D3-BF4B-00C04F79EFBC}") = "VF.Ethereum.AccountBalance", "VF.Ethereum.AccountBalance\VF.Ethereum.AccountBalance\VF.Ethereum.AccountBalance.csproj", "{9FB136D0-FB28-4A2C-B9AB-F6978D91C2F4}"
EndProject
Global
	GlobalSection(SolutionConfigurationPlatforms) = preSolution
		Ad-Hoc|Any CPU = Ad-Hoc|Any CPU
		Ad-Hoc|iPhone = Ad-Hoc|iPhone
		Ad-Hoc|iPhoneSimulator = Ad-Hoc|iPhoneSimulator
		AppStore|Any CPU = AppStore|Any CPU
		AppStore|iPhone = AppStore|iPhone
		AppStore|iPhoneSimulator = AppStore|iPhoneSimulator
		Debug|Any CPU = Debug|Any CPU
		Debug|iPhone = Debug|iPhone
		Debug|iPhoneSimulator = Debug|iPhoneSimulator
		Release|Any CPU = Release|Any CPU
		Release|iPhone = Release|iPhone
		Release|iPhoneSimulator = Release|iPhoneSimulator
	EndGlobalSection
	GlobalSection(ProjectConfigurationPlatforms) = postSolution
		{9E09B596-42A2-4F97-91C8-59F6A3C5399C}.Ad-Hoc|Any CPU.ActiveCfg = Release|Any CPU
		{9E09B596-42A2-4F97-91C8-59F6A3C5399C}.Ad-Hoc|Any CPU.Build.0 = Release|Any CPU
		{9E09B596-42A2-4F97-91C8-59F6A3C5399C}.Ad-Hoc|Any CPU.Deploy.0 = Release|Any CPU
		{9E09B596-42A2-4F97-91C8-59F6A3C5399C}.Ad-Hoc|iPhone.ActiveCfg = Release|Any CPU
		{9E09B596-42A2-4F97-91C8-59F6A3C5399C}.Ad-Hoc|iPhone.Build.0 = Release|Any CPU
		{9E09B596-42A2-4F97-91C8-59F6A3C5399C}.Ad-Hoc|iPhone.Deploy.0 = Release|Any CPU
		{9E09B596-42A2-4F97-91C8-59F6A3C5399C}.Ad-Hoc|iPhoneSimulator.ActiveCfg = Release|Any CPU
		{9E09B596-42A2-4F97-91C8-59F6A3C5399C}.Ad-Hoc|iPhoneSimulator.Build.0 = Release|Any CPU
		{9E09B596-42A2-4F97-91C8-59F6A3C5399C}.Ad-Hoc|iPhoneSimulator.Deploy.0 = Release|Any CPU
		{9E09B596-42A2-4F97-91C8-59F6A3C5399C}.AppStore|Any CPU.ActiveCfg = Release|Any CPU
		{9E09B596-42A2-4F97-91C8-59F6A3C5399C}.AppStore|Any CPU.Build.0 = Release|Any CPU
		{9E09B596-42A2-4F97-91C8-59F6A3C5399C}.AppStore|Any CPU.Deploy.0 = Release|Any CPU
		{9E09B596-42A2-4F97-91C8-59F6A3C5399C}.AppStore|iPhone.ActiveCfg = Release|Any CPU
		{9E09B596-42A2-4F97-91C8-59F6A3C5399C}.AppStore|iPhone.Build.0 = Release|Any CPU
		{9E09B596-42A2-4F97-91C8-59F6A3C5399C}.AppStore|iPhone.Deploy.0 = Release|Any CPU
		{9E09B596-42A2-4F97-91C8-59F6A3C5399C}.AppStore|iPhoneSimulator.ActiveCfg = Release|Any CPU
		{9E09B596-42A2-4F97-91C8-59F6A3C5399C}.AppStore|iPhoneSimulator.Build.0 = Release|Any CPU
		{9E09B596-42A2-4F97-91C8-59F6A3C5399C}.AppStore|iPhoneSimulator.Deploy.0 = Release|Any CPU
		{9E09B596-42A2-4F97-91C8-59F6A3C5399C}.Debug|Any CPU.ActiveCfg = Debug|Any CPU
		{9E09B596-42A2-4F97-91C8-59F6A3C5399C}.Debug|Any CPU.Build.0 = Debug|Any CPU
		{9E09B596-42A2-4F97-91C8-59F6A3C5399C}.Debug|Any CPU.Deploy.0 = Debug|Any CPU
		{9E09B596-42A2-4F97-91C8-59F6A3C5399C}.Debug|iPhone.ActiveCfg = Debug|Any CPU
		{9E09B596-42A2-4F97-91C8-59F6A3C5399C}.Debug|iPhone.Build.0 = Debug|Any CPU
		{9E09B596-42A2-4F97-91C8-59F6A3C5399C}.Debug|iPhone.Deploy.0 = Debug|Any CPU
		{9E09B596-42A2-4F97-91C8-59F6A3C5399C}.Debug|iPhoneSimulator.ActiveCfg = Debug|Any CPU
		{9E09B596-42A2-4F97-91C8-59F6A3C5399C}.Debug|iPhoneSimulator.Build.0 = Debug|Any CPU
		{9E09B596-42A2-4F97-91C8-59F6A3C5399C}.Debug|iPhoneSimulator.Deploy.0 = Debug|Any CPU
		{9E09B596-42A2-4F97-91C8-59F6A3C5399C}.Release|Any CPU.ActiveCfg = Release|Any CPU
		{9E09B596-42A2-4F97-91C8-59F6A3C5399C}.Release|Any CPU.Build.0 = Release|Any CPU
		{9E09B596-42A2-4F97-91C8-59F6A3C5399C}.Release|Any CPU.Deploy.0 = Release|Any CPU
		{9E09B596-42A2-4F97-91C8-59F6A3C5399C}.Release|iPhone.ActiveCfg = Release|Any CPU
		{9E09B596-42A2-4F97-91C8-59F6A3C5399C}.Release|iPhone.Build.0 = Release|Any CPU
		{9E09B596-42A2-4F97-91C8-59F6A3C5399C}.Release|iPhone.Deploy.0 = Release|Any CPU
		{9E09B596-42A2-4F97-91C8-59F6A3C5399C}.Release|iPhoneSimulator.ActiveCfg = Release|Any CPU
		{9E09B596-42A2-4F97-91C8-59F6A3C5399C}.Release|iPhoneSimulator.Build.0 = Release|Any CPU
		{9E09B596-42A2-4F97-91C8-59F6A3C5399C}.Release|iPhoneSimulator.Deploy.0 = Release|Any CPU
		{7C73DF5C-BBB8-4DF5-91B5-A10D3E6CF22F}.Ad-Hoc|Any CPU.ActiveCfg = Ad-Hoc|iPhone
		{7C73DF5C-BBB8-4DF5-91B5-A10D3E6CF22F}.Ad-Hoc|Any CPU.Build.0 = Ad-Hoc|iPhone
		{7C73DF5C-BBB8-4DF5-91B5-A10D3E6CF22F}.Ad-Hoc|Any CPU.Deploy.0 = Ad-Hoc|iPhone
		{7C73DF5C-BBB8-4DF5-91B5-A10D3E6CF22F}.Ad-Hoc|iPhone.ActiveCfg = Ad-Hoc|iPhone
		{7C73DF5C-BBB8-4DF5-91B5-A10D3E6CF22F}.Ad-Hoc|iPhone.Build.0 = Ad-Hoc|iPhone
		{7C73DF5C-BBB8-4DF5-91B5-A10D3E6CF22F}.Ad-Hoc|iPhone.Deploy.0 = Ad-Hoc|iPhone
		{7C73DF5C-BBB8-4DF5-91B5-A10D3E6CF22F}.Ad-Hoc|iPhoneSimulator.ActiveCfg = Ad-Hoc|iPhoneSimulator
		{7C73DF5C-BBB8-4DF5-91B5-A10D3E6CF22F}.Ad-Hoc|iPhoneSimulator.Build.0 = Ad-Hoc|iPhoneSimulator
		{7C73DF5C-BBB8-4DF5-91B5-A10D3E6CF22F}.Ad-Hoc|iPhoneSimulator.Deploy.0 = Ad-Hoc|iPhoneSimulator
		{7C73DF5C-BBB8-4DF5-91B5-A10D3E6CF22F}.AppStore|Any CPU.ActiveCfg = AppStore|iPhone
		{7C73DF5C-BBB8-4DF5-91B5-A10D3E6CF22F}.AppStore|Any CPU.Build.0 = AppStore|iPhone
		{7C73DF5C-BBB8-4DF5-91B5-A10D3E6CF22F}.AppStore|Any CPU.Deploy.0 = AppStore|iPhone
		{7C73DF5C-BBB8-4DF5-91B5-A10D3E6CF22F}.AppStore|iPhone.ActiveCfg = AppStore|iPhone
		{7C73DF5C-BBB8-4DF5-91B5-A10D3E6CF22F}.AppStore|iPhone.Build.0 = AppStore|iPhone
		{7C73DF5C-BBB8-4DF5-91B5-A10D3E6CF22F}.AppStore|iPhone.Deploy.0 = AppStore|iPhone
		{7C73DF5C-BBB8-4DF5-91B5-A10D3E6CF22F}.AppStore|iPhoneSimulator.ActiveCfg = AppStore|iPhoneSimulator
		{7C73DF5C-BBB8-4DF5-91B5-A10D3E6CF22F}.AppStore|iPhoneSimulator.Build.0 = AppStore|iPhoneSimulator
		{7C73DF5C-BBB8-4DF5-91B5-A10D3E6CF22F}.AppStore|iPhoneSimulator.Deploy.0 = AppStore|iPhoneSimulator
		{7C73DF5C-BBB8-4DF5-91B5-A10D3E6CF22F}.Debug|Any CPU.ActiveCfg = Debug|iPhoneSimulator
		{7C73DF5C-BBB8-4DF5-91B5-A10D3E6CF22F}.Debug|Any CPU.Build.0 = Debug|iPhoneSimulator
		{7C73DF5C-BBB8-4DF5-91B5-A10D3E6CF22F}.Debug|Any CPU.Deploy.0 = Debug|iPhoneSimulator
		{7C73DF5C-BBB8-4DF5-91B5-A10D3E6CF22F}.Debug|iPhone.ActiveCfg = Debug|iPhone
		{7C73DF5C-BBB8-4DF5-91B5-A10D3E6CF22F}.Debug|iPhone.Build.0 = Debug|iPhone
		{7C73DF5C-BBB8-4DF5-91B5-A10D3E6CF22F}.Debug|iPhone.Deploy.0 = Debug|iPhone
		{7C73DF5C-BBB8-4DF5-91B5-A10D3E6CF22F}.Debug|iPhoneSimulator.ActiveCfg = Debug|iPhoneSimulator
		{7C73DF5C-BBB8-4DF5-91B5-A10D3E6CF22F}.Debug|iPhoneSimulator.Build.0 = Debug|iPhoneSimulator
		{7C73DF5C-BBB8-4DF5-91B5-A10D3E6CF22F}.Debug|iPhoneSimulator.Deploy.0 = Debug|iPhoneSimulator
		{7C73DF5C-BBB8-4DF5-91B5-A10D3E6CF22F}.Release|Any CPU.ActiveCfg = Release|iPhone
		{7C73DF5C-BBB8-4DF5-91B5-A10D3E6CF22F}.Release|Any CPU.Build.0 = Release|iPhone
		{7C73DF5C-BBB8-4DF5-91B5-A10D3E6CF22F}.Release|Any CPU.Deploy.0 = Release|iPhone
		{7C73DF5C-BBB8-4DF5-91B5-A10D3E6CF22F}.Release|iPhone.ActiveCfg = Release|iPhone
		{7C73DF5C-BBB8-4DF5-91B5-A10D3E6CF22F}.Release|iPhone.Build.0 = Release|iPhone
		{7C73DF5C-BBB8-4DF5-91B5-A10D3E6CF22F}.Release|iPhone.Deploy.0 = Release|iPhone
		{7C73DF5C-BBB8-4DF5-91B5-A10D3E6CF22F}.Release|iPhoneSimulator.ActiveCfg = Release|iPhoneSimulator
		{7C73DF5C-BBB8-4DF5-91B5-A10D3E6CF22F}.Release|iPhoneSimulator.Build.0 = Release|iPhoneSimulator
		{7C73DF5C-BBB8-4DF5-91B5-A10D3E6CF22F}.Release|iPhoneSimulator.Deploy.0 = Release|iPhoneSimulator
		{9FB136D0-FB28-4A2C-B9AB-F6978D91C2F4}.Ad-Hoc|Any CPU.ActiveCfg = Debug|Any CPU
		{9FB136D0-FB28-4A2C-B9AB-F6978D91C2F4}.Ad-Hoc|Any CPU.Build.0 = Debug|Any CPU
		{9FB136D0-FB28-4A2C-B9AB-F6978D91C2F4}.Ad-Hoc|Any CPU.Deploy.0 = Debug|Any CPU
		{9FB136D0-FB28-4A2C-B9AB-F6978D91C2F4}.Ad-Hoc|iPhone.ActiveCfg = Debug|Any CPU
		{9FB136D0-FB28-4A2C-B9AB-F6978D91C2F4}.Ad-Hoc|iPhone.Build.0 = Debug|Any CPU
		{9FB136D0-FB28-4A2C-B9AB-F6978D91C2F4}.Ad-Hoc|iPhone.Deploy.0 = Debug|Any CPU
		{9FB136D0-FB28-4A2C-B9AB-F6978D91C2F4}.Ad-Hoc|iPhoneSimulator.ActiveCfg = Debug|Any CPU
		{9FB136D0-FB28-4A2C-B9AB-F6978D91C2F4}.Ad-Hoc|iPhoneSimulator.Build.0 = Debug|Any CPU
		{9FB136D0-FB28-4A2C-B9AB-F6978D91C2F4}.Ad-Hoc|iPhoneSimulator.Deploy.0 = Debug|Any CPU
		{9FB136D0-FB28-4A2C-B9AB-F6978D91C2F4}.AppStore|Any CPU.ActiveCfg = Debug|Any CPU
		{9FB136D0-FB28-4A2C-B9AB-F6978D91C2F4}.AppStore|Any CPU.Build.0 = Debug|Any CPU
		{9FB136D0-FB28-4A2C-B9AB-F6978D91C2F4}.AppStore|Any CPU.Deploy.0 = Debug|Any CPU
		{9FB136D0-FB28-4A2C-B9AB-F6978D91C2F4}.AppStore|iPhone.ActiveCfg = Debug|Any CPU
		{9FB136D0-FB28-4A2C-B9AB-F6978D91C2F4}.AppStore|iPhone.Build.0 = Debug|Any CPU
		{9FB136D0-FB28-4A2C-B9AB-F6978D91C2F4}.AppStore|iPhone.Deploy.0 = Debug|Any CPU
		{9FB136D0-FB28-4A2C-B9AB-F6978D91C2F4}.AppStore|iPhoneSimulator.ActiveCfg = Debug|Any CPU
		{9FB136D0-FB28-4A2C-B9AB-F6978D91C2F4}.AppStore|iPhoneSimulator.Build.0 = Debug|Any CPU
		{9FB136D0-FB28-4A2C-B9AB-F6978D91C2F4}.AppStore|iPhoneSimulator.Deploy.0 = Debug|Any CPU
		{9FB136D0-FB28-4A2C-B9AB-F6978D91C2F4}.Debug|Any CPU.ActiveCfg = Debug|Any CPU
		{9FB136D0-FB28-4A2C-B9AB-F6978D91C2F4}.Debug|Any CPU.Build.0 = Debug|Any CPU
		{9FB136D0-FB28-4A2C-B9AB-F6978D91C2F4}.Debug|Any CPU.Deploy.0 = Debug|Any CPU
		{9FB136D0-FB28-4A2C-B9AB-F6978D91C2F4}.Debug|iPhone.ActiveCfg = Debug|Any CPU
		{9FB136D0-FB28-4A2C-B9AB-F6978D91C2F4}.Debug|iPhone.Build.0 = Debug|Any CPU
		{9FB136D0-FB28-4A2C-B9AB-F6978D91C2F4}.Debug|iPhone.Deploy.0 = Debug|Any CPU
		{9FB136D0-FB28-4A2C-B9AB-F6978D91C2F4}.Debug|iPhoneSimulator.ActiveCfg = Debug|Any CPU
		{9FB136D0-FB28-4A2C-B9AB-F6978D91C2F4}.Debug|iPhoneSimulator.Build.0 = Debug|Any CPU
		{9FB136D0-FB28-4A2C-B9AB-F6978D91C2F4}.Debug|iPhoneSimulator.Deploy.0 = Debug|Any CPU
		{9FB136D0-FB28-4A2C-B9AB-F6978D91C2F4}.Release|Any CPU.ActiveCfg = Release|Any CPU
		{9FB136D0-FB28-4A2C-B9AB-F6978D91C2F4}.Release|Any CPU.Build.0 = Release|Any CPU
		{9FB136D0-FB28-4A2C-B9AB-F6978D91C2F4}.Release|Any CPU.Deploy.0 = Release|Any CPU
		{9FB136D0-FB28-4A2C-B9AB-F6978D91C2F4}.Release|iPhone.ActiveCfg = Release|Any CPU
		{9FB136D0-FB28-4A2C-B9AB-F6978D91C2F4}.Release|iPhone.Build.0 = Release|Any CPU
		{9FB136D0-FB28-4A2C-B9AB-F6978D91C2F4}.Release|iPhone.Deploy.0 = Release|Any CPU
		{9FB136D0-FB28-4A2C-B9AB-F6978D91C2F4}.Release|iPhoneSimulator.ActiveCfg = Release|Any CPU
		{9FB136D0-FB28-4A2C-B9AB-F6978D91C2F4}.Release|iPhoneSimulator.Build.0 = Release|Any CPU
		{9FB136D0-FB28-4A2C-B9AB-F6978D91C2F4}.Release|iPhoneSimulator.Deploy.0 = Release|Any CPU
	EndGlobalSection
	GlobalSection(SolutionProperties) = preSolution
		HideSolutionNode = FALSE
	EndGlobalSection
	GlobalSection(ExtensibilityGlobals) = postSolution
		SolutionGuid = {A10F7E83-3084-49B1-896E-55421C6FB60D}
	EndGlobalSection
EndGlobal
